
Microsoft Visual Studio Solution File, Format Version 12.00
Project("{FAE04EC0-301F-11D3-BF4B-00C04F79EFBC}") = "task1", "task1\task1.csproj", "{CF535B18-1ADA-4677-890E-735A7DB35351}"
EndProject
Project("{FAE04EC0-301F-11D3-BF4B-00C04F79EFBC}") = "task2", "task2\task2.csproj", "{DCEF6348-0051-478C-8E05-8AD8982E9041}"
EndProject
Global
	GlobalSection(SolutionConfigurationPlatforms) = preSolution
		Debug|Any CPU = Debug|Any CPU
		Release|Any CPU = Release|Any CPU
	EndGlobalSection
	GlobalSection(ProjectConfigurationPlatforms) = postSolution
		{CF535B18-1ADA-4677-890E-735A7DB35351}.Debug|Any CPU.ActiveCfg = Debug|Any CPU
		{CF535B18-1ADA-4677-890E-735A7DB35351}.Debug|Any CPU.Build.0 = Debug|Any CPU
		{CF535B18-1ADA-4677-890E-735A7DB35351}.Release|Any CPU.ActiveCfg = Release|Any CPU
		{CF535B18-1ADA-4677-890E-735A7DB35351}.Release|Any CPU.Build.0 = Release|Any CPU
		{DCEF6348-0051-478C-8E05-8AD8982E9041}.Debug|Any CPU.ActiveCfg = Debug|Any CPU
		{DCEF6348-0051-478C-8E05-8AD8982E9041}.Debug|Any CPU.Build.0 = Debug|Any CPU
		{DCEF6348-0051-478C-8E05-8AD8982E9041}.Release|Any CPU.ActiveCfg = Release|Any CPU
		{DCEF6348-0051-478C-8E05-8AD8982E9041}.Release|Any CPU.Build.0 = Release|Any CPU
	EndGlobalSection
EndGlobal
